{
  "name": "lockfile-agent-test-repo",
  "lockfileVersion": 3,
  "packages": {
    "": {
      "name": "lockfile-agent-test-repo",
      "version": "1.0.0"
    },
    "node_modules/lodash": {
      "version": "4.17.21",
      "resolved": "https://registry.npmjs.org/lodash/-/lodash-4.17.21.tgz",
      "integrity": "sha512-v2kDEe57cuTQF9656XV9lNCWlv9b0+2cX5t1lusZe4KXnl0BoN6PjOkE4C/bb5f1AZSccDUps4dJYV+kH+xkw=="
    },
    "node_modules/axios": {
      "version": "1.6.0"
    }
  }
}
