{
  "name": "lockfile-agent-test-repo",
  "lockfileVersion": 3,
  "packages": {
    "": {
      "name": "lockfile-agent-test-repo",
      "version": "1.0.0"
    },
    "node_modules/lodash": {
      "version": "4.17.21"
    },
    "node_modules/axios": {
      "version": "1.6.0"
    },
    "node_modules/patch-20260626070828": {
      "version": "1.0.0"
    }
  }
}
