{
  "name": "lockfile-agent-test-repo",
  "lockfileVersion": 3,
  "packages": {
    "": {
      "name": "lockfile-agent-test-repo",
      "version": "1.0.0"
    },
    "node_modules/lodash": {
      "version": "4.17.21"
    },
    "node_modules/axios": {
      "version": "1.6.0"
    },
    "node_modules/left-pad": {
      "version": "1.3.0",
      "resolved": "https://registry.npmjs.org/left-pad/-/left-pad-1.3.0.tgz",
      "integrity": "sha512-9D5+pBJiRHWXg/HADCCFtmj0ZD89d+8tt0tb6iBkHUXsplXRqXEvKv1neopcGLOnYdG3kHO9j+ZuYG68ARR5ZQ=="
    }
  }
}
